MONO_SKIA_REPO=https://github.com/mono/skia.git
MONO_SKIA_COMMIT=723c5a03a7d18de5fb1a041e6cae2f09c4cb3c7e   # SkiaSharp v4.152.1 pin, Skia milestone 152
MONO_SKIA_BRANCH=release/4.152.1   # release branch MONO_SKIA_COMMIT belongs to; without it, a same-line advance and a new-milestone release can't be told apart
SKIA_MILESTONE=152
RELEASE_TAG=skia-m152-3
MIN_IOS=18.0
MIN_MACOS=14.0
MIN_VISIONOS=1.0
MIN_MACCATALYST=17.0   # iOS-numbered; 17 pairs with macOS 14 (MIN_MACOS)
HARFBUZZ_COMMIT=56feae4035bdd48f62ba2b8d8c16232d4d89b3a4   # resolved by DEPS at MONO_SKIA_COMMIT
